
Microsoft Visual Studio Solution File, Format Version 12.00
# Visual Studio Version 16
VisualStudioVersion = 16.0.30320.27
MinimumVisualStudioVersion = 10.0.40219.1
Project("{FAE04EC0-301F-11D3-BF4B-00C04F79EFBC}") = "Atividade 7 - Lista 1", "Atividade 7 - Lista 1\Atividade 7 - Lista 1.csproj", "{69C3EDDB-73D9-4A0A-8B8E-CCCAA8C8A9AA}"
EndProject
Global
	GlobalSection(SolutionConfigurationPlatforms) = preSolution
		Debug|Any CPU = Debug|Any CPU
		Release|Any CPU = Release|Any CPU
	EndGlobalSection
	GlobalSection(ProjectConfigurationPlatforms) = postSolution
		{69C3EDDB-73D9-4A0A-8B8E-CCCAA8C8A9AA}.Debug|Any CPU.ActiveCfg = Debug|Any CPU
		{69C3EDDB-73D9-4A0A-8B8E-CCCAA8C8A9AA}.Debug|Any CPU.Build.0 = Debug|Any CPU
		{69C3EDDB-73D9-4A0A-8B8E-CCCAA8C8A9AA}.Release|Any CPU.ActiveCfg = Release|Any CPU
		{69C3EDDB-73D9-4A0A-8B8E-CCCAA8C8A9AA}.Release|Any CPU.Build.0 = Release|Any CPU
	EndGlobalSection
	GlobalSection(SolutionProperties) = preSolution
		HideSolutionNode = FALSE
	EndGlobalSection
	GlobalSection(ExtensibilityGlobals) = postSolution
		SolutionGuid = {0AA55567-B3EE-4F0E-BE8C-5D636EB6919B}
	EndGlobalSection
EndGlobal
